
Microsoft Visual Studio Solution File, Format Version 12.00
# Visual Studio 15
VisualStudioVersion = 15.0.28010.2026
MinimumVisualStudioVersion = 10.0.40219.1
Project("{FAE04EC0-301F-11D3-BF4B-00C04F79EFBC}") = "GenericExercise", "GenericExercise\GenericExercise.csproj", "{5E82D6AB-4BEE-43BB-B28F-97103CD1CEA9}"
EndProject
Global
	GlobalSection(SolutionConfigurationPlatforms) = preSolution
		Debug|Any CPU = Debug|Any CPU
		Release|Any CPU = Release|Any CPU
	EndGlobalSection
	GlobalSection(ProjectConfigurationPlatforms) = postSolution
		{5E82D6AB-4BEE-43BB-B28F-97103CD1CEA9}.Debug|Any CPU.ActiveCfg = Debug|Any CPU
		{5E82D6AB-4BEE-43BB-B28F-97103CD1CEA9}.Debug|Any CPU.Build.0 = Debug|Any CPU
		{5E82D6AB-4BEE-43BB-B28F-97103CD1CEA9}.Release|Any CPU.ActiveCfg = Release|Any CPU
		{5E82D6AB-4BEE-43BB-B28F-97103CD1CEA9}.Release|Any CPU.Build.0 = Release|Any CPU
	EndGlobalSection
	GlobalSection(SolutionProperties) = preSolution
		HideSolutionNode = FALSE
	EndGlobalSection
	GlobalSection(ExtensibilityGlobals) = postSolution
		SolutionGuid = {E378489B-2F92-456B-B1B7-D33EF6100837}
	EndGlobalSection
EndGlobal
